<?xml version="1.0" encoding="utf-8"?>
<Project ToolsVersion="4.0" xmlns="http://schemas.microsoft.com/developer/msbuild/2003">
  <ItemGroup>
    <Filter Include="Source Files">
      <UniqueIdentifier>{4FC737F1-C7A5-4376-A066-2A32D752A2FF}</UniqueIdentifier>
      <Extensions>cpp;c;cc;cxx;c++;cppm;ixx;def;odl;idl;hpj;bat;asm;asmx</Extensions>
    </Filter>
    <Filter Include="Externals">
      <UniqueIdentifier>{c82dd1bb-f2f3-43a5-a13f-6e542e41a6b5}</UniqueIdentifier>
    </Filter>
    <Filter Include="Source Files\Engine">
      <UniqueIdentifier>{e130c9f3-d587-4a8c-a5a7-ecbb00233b0d}</UniqueIdentifier>
    </Filter>
    <Filter Include="Source Files\Physics">
      <UniqueIdentifier>{8b2d4b7b-6695-41cf-8e12-1422852e6854}</UniqueIdentifier>
    </Filter>
    <Filter Include="Source Files\Tests">
      <UniqueIdentifier>{4a0563e8-a77b-46f4-86c3-43a1ff0013c8}</UniqueIdentifier>
    </Filter>
    <Filter Include="Source Files\Physics\Constraints">
      <UniqueIdentifier>{b3ef4d35-d848-4c05-9e87-4a075a981289}</UniqueIdentifier>
    </Filter>
    <Filter Include="Source Files\Physics\Forces">
      <UniqueIdentifier>{2625d14e-c845-4837-aa79-3132a35ab843}</UniqueIdentifier>
    </Filter>
    <Filter Include="Source Files\Physics\Shapes">
      <UniqueIdentifier>{723112b0-3981-4665-a53d-aebc9303ebe3}</UniqueIdentifier>
    </Filter>
    <Filter Include="Source Files\Physics\Collision">
      <UniqueIdentifier>{9556723f-d7d2-4133-931f-e61a0611f2e9}</UniqueIdentifier>
    </Filter>
  </ItemGroup>
  <ItemGroup>
    <ClCompile Include="Source\Main.cpp">
      <Filter>Source Files</Filter>
    </ClCompile>
    <ClCompile Include="Source\Engine\Graphics.cpp">
      <Filter>Source Files\Engine</Filter>
    </ClCompile>
    <ClCompile Include="Source\Engine\Input.cpp">
      <Filter>Source Files\Engine</Filter>
    </ClCompile>
    <ClCompile Include="Source\Engine\Primitives.cpp">
      <Filter>Source Files\Engine</Filter>
    </ClCompile>
    <ClCompile Include="Source\Engine\Time.cpp">
      <Filter>Source Files\Engine</Filter>
    </ClCompile>
    <ClCompile Include="Source\Tests\ForceTest.cpp">
      <Filter>Source Files\Tests</Filter>
    </ClCompile>
    <ClCompile Include="Source\Tests\JointTest.cpp">
      <Filter>Source Files\Tests</Filter>
    </ClCompile>
    <ClCompile Include="Source\Tests\ParticleTest.cpp">
      <Filter>Source Files\Tests</Filter>
    </ClCompile>
    <ClCompile Include="Source\Tests\Test.cpp">
      <Filter>Source Files\Tests</Filter>
    </ClCompile>
    <ClCompile Include="Source\Physics\Contraints\Joint.cpp">
      <Filter>Source Files\Physics\Constraints</Filter>
    </ClCompile>
    <ClCompile Include="Source\Physics\Forces\AreaForce.cpp">
      <Filter>Source Files\Physics\Forces</Filter>
    </ClCompile>
    <ClCompile Include="Source\Physics\Forces\DragForce.cpp">
      <Filter>Source Files\Physics\Forces</Filter>
    </ClCompile>
    <ClCompile Include="Source\Physics\Forces\ForceGenerator.cpp">
      <Filter>Source Files\Physics\Forces</Filter>
    </ClCompile>
    <ClCompile Include="Source\Physics\Forces\GravityField.cpp">
      <Filter>Source Files\Physics\Forces</Filter>
    </ClCompile>
    <ClCompile Include="Source\Physics\Forces\PointForce.cpp">
      <Filter>Source Files\Physics\Forces</Filter>
    </ClCompile>
    <ClCompile Include="Source\Physics\Shapes\CircleShape.cpp">
      <Filter>Source Files\Physics\Shapes</Filter>
    </ClCompile>
    <ClCompile Include="Source\Physics\Body.cpp">
      <Filter>Source Files\Physics</Filter>
    </ClCompile>
    <ClCompile Include="Source\Physics\Integrator.cpp">
      <Filter>Source Files\Physics</Filter>
    </ClCompile>
    <ClCompile Include="Source\Physics\World.cpp">
      <Filter>Source Files\Physics</Filter>
    </ClCompile>
    <ClCompile Include="Source\Physics\Collision\Collision.cpp">
      <Filter>Source Files\Physics\Collision</Filter>
    </ClCompile>
    <ClCompile Include="Source\Tests\ContactTests.cpp">
      <Filter>Source Files\Tests</Filter>
    </ClCompile>
  </ItemGroup>
  <ItemGroup>
    <ClInclude Include="Source\Engine\Graphics.h">
      <Filter>Source Files\Engine</Filter>
    </ClInclude>
    <ClInclude Include="Source\Engine\Input.h">
      <Filter>Source Files\Engine</Filter>
    </ClInclude>
    <ClInclude Include="Source\Engine\Primitives.h">
      <Filter>Source Files\Engine</Filter>
    </ClInclude>
    <ClInclude Include="Source\Engine\Random.h">
      <Filter>Source Files\Engine</Filter>
    </ClInclude>
    <ClInclude Include="Source\Engine\Time.h">
      <Filter>Source Files\Engine</Filter>
    </ClInclude>
    <ClInclude Include="Source\Tests\ForceTest.h">
      <Filter>Source Files\Tests</Filter>
    </ClInclude>
    <ClInclude Include="Source\Tests\JointTest.h">
      <Filter>Source Files\Tests</Filter>
    </ClInclude>
    <ClInclude Include="Source\Tests\ParticleTest.h">
      <Filter>Source Files\Tests</Filter>
    </ClInclude>
    <ClInclude Include="Source\Tests\Test.h">
      <Filter>Source Files\Tests</Filter>
    </ClInclude>
    <ClInclude Include="Source\Physics\Contraints\Joint.h">
      <Filter>Source Files\Physics\Constraints</Filter>
    </ClInclude>
    <ClInclude Include="Source\Physics\Forces\AreaForce.h">
      <Filter>Source Files\Physics\Forces</Filter>
    </ClInclude>
    <ClInclude Include="Source\Physics\Forces\DragForce.h">
      <Filter>Source Files\Physics\Forces</Filter>
    </ClInclude>
    <ClInclude Include="Source\Physics\Forces\ForceGenerator.h">
      <Filter>Source Files\Physics\Forces</Filter>
    </ClInclude>
    <ClInclude Include="Source\Physics\Forces\GravityField.h">
      <Filter>Source Files\Physics\Forces</Filter>
    </ClInclude>
    <ClInclude Include="Source\Physics\Forces\PointForce.h">
      <Filter>Source Files\Physics\Forces</Filter>
    </ClInclude>
    <ClInclude Include="Source\Physics\Shapes\CircleShape.h">
      <Filter>Source Files\Physics\Shapes</Filter>
    </ClInclude>
    <ClInclude Include="Source\Physics\Shapes\Shape.h">
      <Filter>Source Files\Physics\Shapes</Filter>
    </ClInclude>
    <ClInclude Include="Source\Physics\Body.h">
      <Filter>Source Files\Physics</Filter>
    </ClInclude>
    <ClInclude Include="Source\Physics\Integrator.h">
      <Filter>Source Files\Physics</Filter>
    </ClInclude>
    <ClInclude Include="Source\Physics\World.h">
      <Filter>Source Files\Physics</Filter>
    </ClInclude>
    <ClInclude Include="Source\Physics\Collision\Collision.h">
      <Filter>Source Files\Physics\Collision</Filter>
    </ClInclude>
    <ClInclude Include="Source\Physics\Collision\Contact.h">
      <Filter>Source Files\Physics\Collision</Filter>
    </ClInclude>
    <ClInclude Include="Source\Tests\ContactTests.h">
      <Filter>Source Files\Tests</Filter>
    </ClInclude>
  </ItemGroup>
</Project>